
Microsoft Visual Studio Solution File, Format Version 12.00
# Visual Studio Version 17
VisualStudioVersion = 17.14.36301.6 d17.14
MinimumVisualStudioVersion = 10.0.40219.1
Project("{FAE04EC0-301F-11D3-BF4B-00C04F79EFBC}") = "Valid Parentheses", "Valid Parentheses\Valid Parentheses.csproj", "{0068DD2B-1945-469B-9DD9-A7194026E444}"
EndProject
Global
	GlobalSection(SolutionConfigurationPlatforms) = preSolution
		Debug|Any CPU = Debug|Any CPU
		Release|Any CPU = Release|Any CPU
	EndGlobalSection
	GlobalSection(ProjectConfigurationPlatforms) = postSolution
		{0068DD2B-1945-469B-9DD9-A7194026E444}.Debug|Any CPU.ActiveCfg = Debug|Any CPU
		{0068DD2B-1945-469B-9DD9-A7194026E444}.Debug|Any CPU.Build.0 = Debug|Any CPU
		{0068DD2B-1945-469B-9DD9-A7194026E444}.Release|Any CPU.ActiveCfg = Release|Any CPU
		{0068DD2B-1945-469B-9DD9-A7194026E444}.Release|Any CPU.Build.0 = Release|Any CPU
	EndGlobalSection
	GlobalSection(SolutionProperties) = preSolution
		HideSolutionNode = FALSE
	EndGlobalSection
	GlobalSection(ExtensibilityGlobals) = postSolution
		SolutionGuid = {3C5ED3C0-AADD-4D01-B8CD-DAD990D1EC95}
	EndGlobalSection
EndGlobal
